
Microsoft Visual Studio Solution File, Format Version 12.00
# Visual Studio Version 17
VisualStudioVersion = 17.11.35005.142
MinimumVisualStudioVersion = 10.0.40219.1
Project("{FAE04EC0-301F-11D3-BF4B-00C04F79EFBC}") = "DotNet8.RabbitMqExample.Producer", "DotNet8.RabbitMqExample.Producer\DotNet8.RabbitMqExample.Producer.csproj", "{2E8D8D6C-F88F-4A5B-8BFD-C1102CC284EB}"
EndProject
Project("{FAE04EC0-301F-11D3-BF4B-00C04F79EFBC}") = "DotNet8.RabbitMqExample.Consumer", "DotNet8.RabbitMqExample.Consumer\DotNet8.RabbitMqExample.Consumer.csproj", "{A6B59859-7E08-45AA-90FD-4513E1783671}"
EndProject
Global
	GlobalSection(SolutionConfigurationPlatforms) = preSolution
		Debug|Any CPU = Debug|Any CPU
		Release|Any CPU = Release|Any CPU
	EndGlobalSection
	GlobalSection(ProjectConfigurationPlatforms) = postSolution
		{2E8D8D6C-F88F-4A5B-8BFD-C1102CC284EB}.Debug|Any CPU.ActiveCfg = Debug|Any CPU
		{2E8D8D6C-F88F-4A5B-8BFD-C1102CC284EB}.Debug|Any CPU.Build.0 = Debug|Any CPU
		{2E8D8D6C-F88F-4A5B-8BFD-C1102CC284EB}.Release|Any CPU.ActiveCfg = Release|Any CPU
		{2E8D8D6C-F88F-4A5B-8BFD-C1102CC284EB}.Release|Any CPU.Build.0 = Release|Any CPU
		{A6B59859-7E08-45AA-90FD-4513E1783671}.Debug|Any CPU.ActiveCfg = Debug|Any CPU
		{A6B59859-7E08-45AA-90FD-4513E1783671}.Debug|Any CPU.Build.0 = Debug|Any CPU
		{A6B59859-7E08-45AA-90FD-4513E1783671}.Release|Any CPU.ActiveCfg = Release|Any CPU
		{A6B59859-7E08-45AA-90FD-4513E1783671}.Release|Any CPU.Build.0 = Release|Any CPU
	EndGlobalSection
	GlobalSection(SolutionProperties) = preSolution
		HideSolutionNode = FALSE
	EndGlobalSection
	GlobalSection(ExtensibilityGlobals) = postSolution
		SolutionGuid = {C4F17BDF-6780-49C2-B156-8CAC440E1647}
	EndGlobalSection
EndGlobal
